
Microsoft Visual Studio Solution File, Format Version 12.00
# Visual Studio Version 17
VisualStudioVersion = 17.3.32929.385
MinimumVisualStudioVersion = 10.0.40219.1
Project("{FAE04EC0-301F-11D3-BF4B-00C04F79EFBC}") = "WinFormsApp2", "WinFormsApp2\WinFormsApp2.csproj", "{271220B6-32E6-41F4-B292-B436661B9E1A}"
EndProject
Global
	GlobalSection(SolutionConfigurationPlatforms) = preSolution
		Debug|Any CPU = Debug|Any CPU
		Release|Any CPU = Release|Any CPU
	EndGlobalSection
	GlobalSection(ProjectConfigurationPlatforms) = postSolution
		{271220B6-32E6-41F4-B292-B436661B9E1A}.Debug|Any CPU.ActiveCfg = Debug|Any CPU
		{271220B6-32E6-41F4-B292-B436661B9E1A}.Debug|Any CPU.Build.0 = Debug|Any CPU
		{271220B6-32E6-41F4-B292-B436661B9E1A}.Release|Any CPU.ActiveCfg = Release|Any CPU
		{271220B6-32E6-41F4-B292-B436661B9E1A}.Release|Any CPU.Build.0 = Release|Any CPU
	EndGlobalSection
	GlobalSection(SolutionProperties) = preSolution
		HideSolutionNode = FALSE
	EndGlobalSection
	GlobalSection(ExtensibilityGlobals) = postSolution
		SolutionGuid = {818D9FFC-0605-4557-AB75-B1055656BC78}
	EndGlobalSection
EndGlobal
